
Microsoft Visual Studio Solution File, Format Version 12.00
# Visual Studio Version 16
VisualStudioVersion = 16.0.29911.84
MinimumVisualStudioVersion = 15.0.26124.0
Project("{9A19103F-16F7-4668-BE54-9A1E7A4F7556}") = "ClerkApi", "ClerkApi\ClerkApi.csproj", "{A3E3E049-C4B8-4FBC-8C55-7A6444B7F29B}"
EndProject
Project("{9A19103F-16F7-4668-BE54-9A1E7A4F7556}") = "EFRepo", "Repository\EFRepo.csproj", "{E3EB2335-3C46-45A7-9C05-3BE2C868A502}"
EndProject
Project("{9A19103F-16F7-4668-BE54-9A1E7A4F7556}") = "ManagerApi", "ManagerApi\ManagerApi.csproj", "{26DB9536-28AF-45BD-B700-CEB0C6E87974}"
EndProject
Global
	GlobalSection(SolutionConfigurationPlatforms) = preSolution
		Debug|Any CPU = Debug|Any CPU
		Debug|x64 = Debug|x64
		Debug|x86 = Debug|x86
		Release|Any CPU = Release|Any CPU
		Release|x64 = Release|x64
		Release|x86 = Release|x86
	EndGlobalSection
	GlobalSection(ProjectConfigurationPlatforms) = postSolution
		{A3E3E049-C4B8-4FBC-8C55-7A6444B7F29B}.Debug|Any CPU.ActiveCfg = Debug|Any CPU
		{A3E3E049-C4B8-4FBC-8C55-7A6444B7F29B}.Debug|Any CPU.Build.0 = Debug|Any CPU
		{A3E3E049-C4B8-4FBC-8C55-7A6444B7F29B}.Debug|x64.ActiveCfg = Debug|Any CPU
		{A3E3E049-C4B8-4FBC-8C55-7A6444B7F29B}.Debug|x64.Build.0 = Debug|Any CPU
		{A3E3E049-C4B8-4FBC-8C55-7A6444B7F29B}.Debug|x86.ActiveCfg = Debug|Any CPU
		{A3E3E049-C4B8-4FBC-8C55-7A6444B7F29B}.Debug|x86.Build.0 = Debug|Any CPU
		{A3E3E049-C4B8-4FBC-8C55-7A6444B7F29B}.Release|Any CPU.ActiveCfg = Release|Any CPU
		{A3E3E049-C4B8-4FBC-8C55-7A6444B7F29B}.Release|Any CPU.Build.0 = Release|Any CPU
		{A3E3E049-C4B8-4FBC-8C55-7A6444B7F29B}.Release|x64.ActiveCfg = Release|Any CPU
		{A3E3E049-C4B8-4FBC-8C55-7A6444B7F29B}.Release|x64.Build.0 = Release|Any CPU
		{A3E3E049-C4B8-4FBC-8C55-7A6444B7F29B}.Release|x86.ActiveCfg = Release|Any CPU
		{A3E3E049-C4B8-4FBC-8C55-7A6444B7F29B}.Release|x86.Build.0 = Release|Any CPU
		{E3EB2335-3C46-45A7-9C05-3BE2C868A502}.Debug|Any CPU.ActiveCfg = Debug|Any CPU
		{E3EB2335-3C46-45A7-9C05-3BE2C868A502}.Debug|Any CPU.Build.0 = Debug|Any CPU
		{E3EB2335-3C46-45A7-9C05-3BE2C868A502}.Debug|x64.ActiveCfg = Debug|Any CPU
		{E3EB2335-3C46-45A7-9C05-3BE2C868A502}.Debug|x64.Build.0 = Debug|Any CPU
		{E3EB2335-3C46-45A7-9C05-3BE2C868A502}.Debug|x86.ActiveCfg = Debug|Any CPU
		{E3EB2335-3C46-45A7-9C05-3BE2C868A502}.Debug|x86.Build.0 = Debug|Any CPU
		{E3EB2335-3C46-45A7-9C05-3BE2C868A502}.Release|Any CPU.ActiveCfg = Release|Any CPU
		{E3EB2335-3C46-45A7-9C05-3BE2C868A502}.Release|Any CPU.Build.0 = Release|Any CPU
		{E3EB2335-3C46-45A7-9C05-3BE2C868A502}.Release|x64.ActiveCfg = Release|Any CPU
		{E3EB2335-3C46-45A7-9C05-3BE2C868A502}.Release|x64.Build.0 = Release|Any CPU
		{E3EB2335-3C46-45A7-9C05-3BE2C868A502}.Release|x86.ActiveCfg = Release|Any CPU
		{E3EB2335-3C46-45A7-9C05-3BE2C868A502}.Release|x86.Build.0 = Release|Any CPU
		{26DB9536-28AF-45BD-B700-CEB0C6E87974}.Debug|Any CPU.ActiveCfg = Debug|Any CPU
		{26DB9536-28AF-45BD-B700-CEB0C6E87974}.Debug|Any CPU.Build.0 = Debug|Any CPU
		{26DB9536-28AF-45BD-B700-CEB0C6E87974}.Debug|x64.ActiveCfg = Debug|Any CPU
		{26DB9536-28AF-45BD-B700-CEB0C6E87974}.Debug|x64.Build.0 = Debug|Any CPU
		{26DB9536-28AF-45BD-B700-CEB0C6E87974}.Debug|x86.ActiveCfg = Debug|Any CPU
		{26DB9536-28AF-45BD-B700-CEB0C6E87974}.Debug|x86.Build.0 = Debug|Any CPU
		{26DB9536-28AF-45BD-B700-CEB0C6E87974}.Release|Any CPU.ActiveCfg = Release|Any CPU
		{26DB9536-28AF-45BD-B700-CEB0C6E87974}.Release|Any CPU.Build.0 = Release|Any CPU
		{26DB9536-28AF-45BD-B700-CEB0C6E87974}.Release|x64.ActiveCfg = Release|Any CPU
		{26DB9536-28AF-45BD-B700-CEB0C6E87974}.Release|x64.Build.0 = Release|Any CPU
		{26DB9536-28AF-45BD-B700-CEB0C6E87974}.Release|x86.ActiveCfg = Release|Any CPU
		{26DB9536-28AF-45BD-B700-CEB0C6E87974}.Release|x86.Build.0 = Release|Any CPU
	EndGlobalSection
	GlobalSection(SolutionProperties) = preSolution
		HideSolutionNode = FALSE
	EndGlobalSection
	GlobalSection(ExtensibilityGlobals) = postSolution
		SolutionGuid = {2346B5A1-C302-4B15-A952-0E85176AC714}
	EndGlobalSection
EndGlobal
